
Microsoft Visual Studio Solution File, Format Version 12.00
# Visual Studio Version 16
VisualStudioVersion = 16.0.30114.105
MinimumVisualStudioVersion = 10.0.40219.1
Project("{9A19103F-16F7-4668-BE54-9A1E7A4F7556}") = "FirstProject", "FirstProject\FirstProject.csproj", "{04525214-83EA-4F45-943E-B2BAD5631610}"
	ProjectSection(ProjectDependencies) = postProject
		{37E8712E-9B43-4800-9584-C8C0C1C53EDA} = {37E8712E-9B43-4800-9584-C8C0C1C53EDA}
	EndProjectSection
EndProject
Project("{9A19103F-16F7-4668-BE54-9A1E7A4F7556}") = "aiMVVMLib", "aiMVVMLib\aiMVVMLib.csproj", "{37E8712E-9B43-4800-9584-C8C0C1C53EDA}"
EndProject
Project("{2150E333-8FDC-42A3-9474-1A3956D46DE8}") = "customControl", "customControl", "{BC43EFCB-78CE-4A4D-9E73-C7ED8679D529}"
EndProject
Project("{FAE04EC0-301F-11D3-BF4B-00C04F79EFBC}") = "CustomControlTestbed", "CustomControlTestbed\CustomControlTestbed.csproj", "{5086F7A4-0A01-47D7-8248-E68C5EC51066}"
EndProject
Project("{FAE04EC0-301F-11D3-BF4B-00C04F79EFBC}") = "CustomControls", "CustomControls\CustomControls.csproj", "{9EED66EC-01C0-4255-9D64-254E5451EF93}"
EndProject
Global
	GlobalSection(SolutionConfigurationPlatforms) = preSolution
		Debug|Any CPU = Debug|Any CPU
		Release|Any CPU = Release|Any CPU
	EndGlobalSection
	GlobalSection(ProjectConfigurationPlatforms) = postSolution
		{04525214-83EA-4F45-943E-B2BAD5631610}.Debug|Any CPU.ActiveCfg = Debug|Any CPU
		{04525214-83EA-4F45-943E-B2BAD5631610}.Debug|Any CPU.Build.0 = Debug|Any CPU
		{04525214-83EA-4F45-943E-B2BAD5631610}.Release|Any CPU.ActiveCfg = Release|Any CPU
		{04525214-83EA-4F45-943E-B2BAD5631610}.Release|Any CPU.Build.0 = Release|Any CPU
		{37E8712E-9B43-4800-9584-C8C0C1C53EDA}.Debug|Any CPU.ActiveCfg = Debug|Any CPU
		{37E8712E-9B43-4800-9584-C8C0C1C53EDA}.Debug|Any CPU.Build.0 = Debug|Any CPU
		{37E8712E-9B43-4800-9584-C8C0C1C53EDA}.Release|Any CPU.ActiveCfg = Release|Any CPU
		{37E8712E-9B43-4800-9584-C8C0C1C53EDA}.Release|Any CPU.Build.0 = Release|Any CPU
		{5086F7A4-0A01-47D7-8248-E68C5EC51066}.Debug|Any CPU.ActiveCfg = Debug|Any CPU
		{5086F7A4-0A01-47D7-8248-E68C5EC51066}.Debug|Any CPU.Build.0 = Debug|Any CPU
		{5086F7A4-0A01-47D7-8248-E68C5EC51066}.Release|Any CPU.ActiveCfg = Release|Any CPU
		{5086F7A4-0A01-47D7-8248-E68C5EC51066}.Release|Any CPU.Build.0 = Release|Any CPU
		{9EED66EC-01C0-4255-9D64-254E5451EF93}.Debug|Any CPU.ActiveCfg = Debug|Any CPU
		{9EED66EC-01C0-4255-9D64-254E5451EF93}.Debug|Any CPU.Build.0 = Debug|Any CPU
		{9EED66EC-01C0-4255-9D64-254E5451EF93}.Release|Any CPU.ActiveCfg = Release|Any CPU
		{9EED66EC-01C0-4255-9D64-254E5451EF93}.Release|Any CPU.Build.0 = Release|Any CPU
	EndGlobalSection
	GlobalSection(SolutionProperties) = preSolution
		HideSolutionNode = FALSE
	EndGlobalSection
	GlobalSection(NestedProjects) = preSolution
		{5086F7A4-0A01-47D7-8248-E68C5EC51066} = {BC43EFCB-78CE-4A4D-9E73-C7ED8679D529}
		{9EED66EC-01C0-4255-9D64-254E5451EF93} = {BC43EFCB-78CE-4A4D-9E73-C7ED8679D529}
	EndGlobalSection
	GlobalSection(ExtensibilityGlobals) = postSolution
		SolutionGuid = {AC8BBE98-30E2-4F43-A819-19D5E594B6FF}
	EndGlobalSection
EndGlobal
