
Microsoft Visual Studio Solution File, Format Version 12.00
# Visual Studio Version 16
VisualStudioVersion = 16.0.30114.105
MinimumVisualStudioVersion = 10.0.40219.1
Project("{2150E333-8FDC-42A3-9474-1A3956D46DE8}") = "customControl", "customControl", "{BC43EFCB-78CE-4A4D-9E73-C7ED8679D529}"
EndProject
Project("{9A19103F-16F7-4668-BE54-9A1E7A4F7556}") = "CustomControlLib", "customControl\CustomControlLib\CustomControlLib.csproj", "{645F890B-2E3B-40EF-A485-786630780073}"
EndProject
Project("{9A19103F-16F7-4668-BE54-9A1E7A4F7556}") = "CustomControlTestbed", "customControl\CustomControlTestbed\CustomControlTestbed.csproj", "{7BB5AE48-A1FD-4F1D-B02B-AB76449B6BD3}"
EndProject
Project("{2150E333-8FDC-42A3-9474-1A3956D46DE8}") = "MVVM-Intro", "MVVM-Intro", "{74D1F00C-37B4-4BD2-B4DA-34B6F937B4A3}"
EndProject
Project("{2150E333-8FDC-42A3-9474-1A3956D46DE8}") = "ToolkitClone", "ToolkitClone", "{9F951E1F-BF19-424B-B178-38F01F4AA59F}"
EndProject
Project("{2150E333-8FDC-42A3-9474-1A3956D46DE8}") = "layout", "layout", "{174B68DD-407D-4B22-9D9B-8BB65EDE8CD4}"
EndProject
Project("{9A19103F-16F7-4668-BE54-9A1E7A4F7556}") = "CheckLists", "ToolkitClone\CheckLists\CheckLists.csproj", "{940E7F3D-7919-46EC-8457-7315177621A8}"
EndProject
Project("{9A19103F-16F7-4668-BE54-9A1E7A4F7556}") = "CanvasTest", "layout\CanvasTest\CanvasTest.csproj", "{E6DF9CB7-91D8-47EA-BC99-E08342E52C9F}"
EndProject
Project("{9A19103F-16F7-4668-BE54-9A1E7A4F7556}") = "DockPanelTest", "layout\DockPanel\DockPanelTest.csproj", "{2CCB5401-AB24-49B0-B0A8-E8CB9B59E643}"
EndProject
Project("{9A19103F-16F7-4668-BE54-9A1E7A4F7556}") = "ScrollViewerTest", "layout\ScrollViewerTest\ScrollViewerTest.csproj", "{766A8C0F-6C5D-4CB3-BF0F-D1BBA592D6D7}"
EndProject
Project("{9A19103F-16F7-4668-BE54-9A1E7A4F7556}") = "StackPanelTest", "layout\StackPanelTest\StackPanelTest.csproj", "{2FD10D24-1577-448F-92DC-E3FB47FA600E}"
EndProject
Project("{9A19103F-16F7-4668-BE54-9A1E7A4F7556}") = "ViewBoxTest", "layout\ViewBoxTest\ViewBoxTest.csproj", "{1B716485-0AC4-4BD8-939E-558409DE0B31}"
EndProject
Project("{9A19103F-16F7-4668-BE54-9A1E7A4F7556}") = "WrapPanel", "layout\WrapPanel\WrapPanel.csproj", "{30369F0C-C17E-40C5-B7D5-3C2064B9A516}"
EndProject
Project("{9A19103F-16F7-4668-BE54-9A1E7A4F7556}") = "Calcurator", "MVVM-Intro\Calcurator\Calcurator.csproj", "{398E14DD-703D-432C-B11D-8464A923C33F}"
EndProject
Project("{9A19103F-16F7-4668-BE54-9A1E7A4F7556}") = "DataGridSample", "MVVM-Intro\DataGridSample\DataGridSample.csproj", "{D498FCFD-DF28-4842-A2A3-ED8D819DC682}"
EndProject
Project("{2150E333-8FDC-42A3-9474-1A3956D46DE8}") = "childWindow", "childWindow", "{59AEA3A2-1CD0-4EF7-B9E6-593B977B6F14}"
EndProject
Project("{FAE04EC0-301F-11D3-BF4B-00C04F79EFBC}") = "ChildWin-NoMVVM", "childWindow\ChildWin-NoMVVM\ChildWin-NoMVVM.csproj", "{E1746C6B-081E-40BB-865F-82EE12455103}"
EndProject
Project("{FAE04EC0-301F-11D3-BF4B-00C04F79EFBC}") = "ChildWin-MVVM-Behavior", "childWindow\ChildWin-MVVM-Behavior\ChildWin-MVVM-Behavior.csproj", "{F1068641-B688-4E3B-89C0-8D3EEE020ED0}"
EndProject
Global
	GlobalSection(SolutionConfigurationPlatforms) = preSolution
		Debug|Any CPU = Debug|Any CPU
		Release|Any CPU = Release|Any CPU
	EndGlobalSection
	GlobalSection(ProjectConfigurationPlatforms) = postSolution
		{645F890B-2E3B-40EF-A485-786630780073}.Debug|Any CPU.ActiveCfg = Debug|Any CPU
		{645F890B-2E3B-40EF-A485-786630780073}.Debug|Any CPU.Build.0 = Debug|Any CPU
		{645F890B-2E3B-40EF-A485-786630780073}.Release|Any CPU.ActiveCfg = Release|Any CPU
		{645F890B-2E3B-40EF-A485-786630780073}.Release|Any CPU.Build.0 = Release|Any CPU
		{7BB5AE48-A1FD-4F1D-B02B-AB76449B6BD3}.Debug|Any CPU.ActiveCfg = Debug|Any CPU
		{7BB5AE48-A1FD-4F1D-B02B-AB76449B6BD3}.Debug|Any CPU.Build.0 = Debug|Any CPU
		{7BB5AE48-A1FD-4F1D-B02B-AB76449B6BD3}.Release|Any CPU.ActiveCfg = Release|Any CPU
		{7BB5AE48-A1FD-4F1D-B02B-AB76449B6BD3}.Release|Any CPU.Build.0 = Release|Any CPU
		{940E7F3D-7919-46EC-8457-7315177621A8}.Debug|Any CPU.ActiveCfg = Debug|Any CPU
		{940E7F3D-7919-46EC-8457-7315177621A8}.Debug|Any CPU.Build.0 = Debug|Any CPU
		{940E7F3D-7919-46EC-8457-7315177621A8}.Release|Any CPU.ActiveCfg = Release|Any CPU
		{940E7F3D-7919-46EC-8457-7315177621A8}.Release|Any CPU.Build.0 = Release|Any CPU
		{E6DF9CB7-91D8-47EA-BC99-E08342E52C9F}.Debug|Any CPU.ActiveCfg = Debug|Any CPU
		{E6DF9CB7-91D8-47EA-BC99-E08342E52C9F}.Debug|Any CPU.Build.0 = Debug|Any CPU
		{E6DF9CB7-91D8-47EA-BC99-E08342E52C9F}.Release|Any CPU.ActiveCfg = Release|Any CPU
		{E6DF9CB7-91D8-47EA-BC99-E08342E52C9F}.Release|Any CPU.Build.0 = Release|Any CPU
		{2CCB5401-AB24-49B0-B0A8-E8CB9B59E643}.Debug|Any CPU.ActiveCfg = Debug|Any CPU
		{2CCB5401-AB24-49B0-B0A8-E8CB9B59E643}.Debug|Any CPU.Build.0 = Debug|Any CPU
		{2CCB5401-AB24-49B0-B0A8-E8CB9B59E643}.Release|Any CPU.ActiveCfg = Release|Any CPU
		{2CCB5401-AB24-49B0-B0A8-E8CB9B59E643}.Release|Any CPU.Build.0 = Release|Any CPU
		{766A8C0F-6C5D-4CB3-BF0F-D1BBA592D6D7}.Debug|Any CPU.ActiveCfg = Debug|Any CPU
		{766A8C0F-6C5D-4CB3-BF0F-D1BBA592D6D7}.Debug|Any CPU.Build.0 = Debug|Any CPU
		{766A8C0F-6C5D-4CB3-BF0F-D1BBA592D6D7}.Release|Any CPU.ActiveCfg = Release|Any CPU
		{766A8C0F-6C5D-4CB3-BF0F-D1BBA592D6D7}.Release|Any CPU.Build.0 = Release|Any CPU
		{2FD10D24-1577-448F-92DC-E3FB47FA600E}.Debug|Any CPU.ActiveCfg = Debug|Any CPU
		{2FD10D24-1577-448F-92DC-E3FB47FA600E}.Debug|Any CPU.Build.0 = Debug|Any CPU
		{2FD10D24-1577-448F-92DC-E3FB47FA600E}.Release|Any CPU.ActiveCfg = Release|Any CPU
		{2FD10D24-1577-448F-92DC-E3FB47FA600E}.Release|Any CPU.Build.0 = Release|Any CPU
		{1B716485-0AC4-4BD8-939E-558409DE0B31}.Debug|Any CPU.ActiveCfg = Debug|Any CPU
		{1B716485-0AC4-4BD8-939E-558409DE0B31}.Debug|Any CPU.Build.0 = Debug|Any CPU
		{1B716485-0AC4-4BD8-939E-558409DE0B31}.Release|Any CPU.ActiveCfg = Release|Any CPU
		{1B716485-0AC4-4BD8-939E-558409DE0B31}.Release|Any CPU.Build.0 = Release|Any CPU
		{30369F0C-C17E-40C5-B7D5-3C2064B9A516}.Debug|Any CPU.ActiveCfg = Debug|Any CPU
		{30369F0C-C17E-40C5-B7D5-3C2064B9A516}.Debug|Any CPU.Build.0 = Debug|Any CPU
		{30369F0C-C17E-40C5-B7D5-3C2064B9A516}.Release|Any CPU.ActiveCfg = Release|Any CPU
		{30369F0C-C17E-40C5-B7D5-3C2064B9A516}.Release|Any CPU.Build.0 = Release|Any CPU
		{398E14DD-703D-432C-B11D-8464A923C33F}.Debug|Any CPU.ActiveCfg = Debug|Any CPU
		{398E14DD-703D-432C-B11D-8464A923C33F}.Debug|Any CPU.Build.0 = Debug|Any CPU
		{398E14DD-703D-432C-B11D-8464A923C33F}.Release|Any CPU.ActiveCfg = Release|Any CPU
		{398E14DD-703D-432C-B11D-8464A923C33F}.Release|Any CPU.Build.0 = Release|Any CPU
		{D498FCFD-DF28-4842-A2A3-ED8D819DC682}.Debug|Any CPU.ActiveCfg = Debug|Any CPU
		{D498FCFD-DF28-4842-A2A3-ED8D819DC682}.Debug|Any CPU.Build.0 = Debug|Any CPU
		{D498FCFD-DF28-4842-A2A3-ED8D819DC682}.Release|Any CPU.ActiveCfg = Release|Any CPU
		{D498FCFD-DF28-4842-A2A3-ED8D819DC682}.Release|Any CPU.Build.0 = Release|Any CPU
		{E1746C6B-081E-40BB-865F-82EE12455103}.Debug|Any CPU.ActiveCfg = Debug|Any CPU
		{E1746C6B-081E-40BB-865F-82EE12455103}.Debug|Any CPU.Build.0 = Debug|Any CPU
		{E1746C6B-081E-40BB-865F-82EE12455103}.Release|Any CPU.ActiveCfg = Release|Any CPU
		{E1746C6B-081E-40BB-865F-82EE12455103}.Release|Any CPU.Build.0 = Release|Any CPU
		{F1068641-B688-4E3B-89C0-8D3EEE020ED0}.Debug|Any CPU.ActiveCfg = Debug|Any CPU
		{F1068641-B688-4E3B-89C0-8D3EEE020ED0}.Debug|Any CPU.Build.0 = Debug|Any CPU
		{F1068641-B688-4E3B-89C0-8D3EEE020ED0}.Release|Any CPU.ActiveCfg = Release|Any CPU
		{F1068641-B688-4E3B-89C0-8D3EEE020ED0}.Release|Any CPU.Build.0 = Release|Any CPU
	EndGlobalSection
	GlobalSection(SolutionProperties) = preSolution
		HideSolutionNode = FALSE
	EndGlobalSection
	GlobalSection(NestedProjects) = preSolution
		{645F890B-2E3B-40EF-A485-786630780073} = {BC43EFCB-78CE-4A4D-9E73-C7ED8679D529}
		{7BB5AE48-A1FD-4F1D-B02B-AB76449B6BD3} = {BC43EFCB-78CE-4A4D-9E73-C7ED8679D529}
		{940E7F3D-7919-46EC-8457-7315177621A8} = {9F951E1F-BF19-424B-B178-38F01F4AA59F}
		{E6DF9CB7-91D8-47EA-BC99-E08342E52C9F} = {174B68DD-407D-4B22-9D9B-8BB65EDE8CD4}
		{2CCB5401-AB24-49B0-B0A8-E8CB9B59E643} = {174B68DD-407D-4B22-9D9B-8BB65EDE8CD4}
		{766A8C0F-6C5D-4CB3-BF0F-D1BBA592D6D7} = {174B68DD-407D-4B22-9D9B-8BB65EDE8CD4}
		{2FD10D24-1577-448F-92DC-E3FB47FA600E} = {174B68DD-407D-4B22-9D9B-8BB65EDE8CD4}
		{1B716485-0AC4-4BD8-939E-558409DE0B31} = {174B68DD-407D-4B22-9D9B-8BB65EDE8CD4}
		{30369F0C-C17E-40C5-B7D5-3C2064B9A516} = {174B68DD-407D-4B22-9D9B-8BB65EDE8CD4}
		{398E14DD-703D-432C-B11D-8464A923C33F} = {74D1F00C-37B4-4BD2-B4DA-34B6F937B4A3}
		{D498FCFD-DF28-4842-A2A3-ED8D819DC682} = {74D1F00C-37B4-4BD2-B4DA-34B6F937B4A3}
		{E1746C6B-081E-40BB-865F-82EE12455103} = {59AEA3A2-1CD0-4EF7-B9E6-593B977B6F14}
		{F1068641-B688-4E3B-89C0-8D3EEE020ED0} = {59AEA3A2-1CD0-4EF7-B9E6-593B977B6F14}
	EndGlobalSection
	GlobalSection(ExtensibilityGlobals) = postSolution
		SolutionGuid = {AC8BBE98-30E2-4F43-A819-19D5E594B6FF}
	EndGlobalSection
EndGlobal
